
Microsoft Visual Studio Solution File, Format Version 12.00
# Visual Studio Version 16
VisualStudioVersion = 16.0.30907.101
MinimumVisualStudioVersion = 10.0.40219.1
Project("{FAE04EC0-301F-11D3-BF4B-00C04F79EFBC}") = "playground", "playground\playground.csproj", "{D94AE66A-4F26-40A0-AB79-B5B48844FAB6}"
EndProject
Global
	GlobalSection(SolutionConfigurationPlatforms) = preSolution
		Debug|Any CPU = Debug|Any CPU
		Release|Any CPU = Release|Any CPU
	EndGlobalSection
	GlobalSection(ProjectConfigurationPlatforms) = postSolution
		{D94AE66A-4F26-40A0-AB79-B5B48844FAB6}.Debug|Any CPU.ActiveCfg = Debug|Any CPU
		{D94AE66A-4F26-40A0-AB79-B5B48844FAB6}.Debug|Any CPU.Build.0 = Debug|Any CPU
		{D94AE66A-4F26-40A0-AB79-B5B48844FAB6}.Release|Any CPU.ActiveCfg = Release|Any CPU
		{D94AE66A-4F26-40A0-AB79-B5B48844FAB6}.Release|Any CPU.Build.0 = Release|Any CPU
	EndGlobalSection
	GlobalSection(SolutionProperties) = preSolution
		HideSolutionNode = FALSE
	EndGlobalSection
	GlobalSection(ExtensibilityGlobals) = postSolution
		SolutionGuid = {5B44F970-5863-4C20-A4DD-DC55EA2BB3E1}
	EndGlobalSection
EndGlobal
